
Microsoft Visual Studio Solution File, Format Version 12.00
# Visual Studio Version 17
VisualStudioVersion = 17.8.34511.84
MinimumVisualStudioVersion = 10.0.40219.1
Project("{FAE04EC0-301F-11D3-BF4B-00C04F79EFBC}") = "StreetnamesDL", "StreetnamesDL\StreetnamesDL.csproj", "{7496A6E1-DD70-474F-BDDA-64096D7D5D22}"
EndProject
Project("{FAE04EC0-301F-11D3-BF4B-00C04F79EFBC}") = "StreetnamesBL", "StreetnamesBL\StreetnamesBL.csproj", "{392D3208-CCD8-4BC1-B050-02C965690138}"
EndProject
Project("{FAE04EC0-301F-11D3-BF4B-00C04F79EFBC}") = "StreetnamesUI", "StreetnamesUI\StreetnamesUI.csproj", "{69158AFA-B274-40BA-B555-ECF6B10159A9}"
EndProject
Global
	GlobalSection(SolutionConfigurationPlatforms) = preSolution
		Debug|Any CPU = Debug|Any CPU
		Release|Any CPU = Release|Any CPU
	EndGlobalSection
	GlobalSection(ProjectConfigurationPlatforms) = postSolution
		{7496A6E1-DD70-474F-BDDA-64096D7D5D22}.Debug|Any CPU.ActiveCfg = Debug|Any CPU
		{7496A6E1-DD70-474F-BDDA-64096D7D5D22}.Debug|Any CPU.Build.0 = Debug|Any CPU
		{7496A6E1-DD70-474F-BDDA-64096D7D5D22}.Release|Any CPU.ActiveCfg = Release|Any CPU
		{7496A6E1-DD70-474F-BDDA-64096D7D5D22}.Release|Any CPU.Build.0 = Release|Any CPU
		{392D3208-CCD8-4BC1-B050-02C965690138}.Debug|Any CPU.ActiveCfg = Debug|Any CPU
		{392D3208-CCD8-4BC1-B050-02C965690138}.Debug|Any CPU.Build.0 = Debug|Any CPU
		{392D3208-CCD8-4BC1-B050-02C965690138}.Release|Any CPU.ActiveCfg = Release|Any CPU
		{392D3208-CCD8-4BC1-B050-02C965690138}.Release|Any CPU.Build.0 = Release|Any CPU
		{69158AFA-B274-40BA-B555-ECF6B10159A9}.Debug|Any CPU.ActiveCfg = Debug|Any CPU
		{69158AFA-B274-40BA-B555-ECF6B10159A9}.Debug|Any CPU.Build.0 = Debug|Any CPU
		{69158AFA-B274-40BA-B555-ECF6B10159A9}.Release|Any CPU.ActiveCfg = Release|Any CPU
		{69158AFA-B274-40BA-B555-ECF6B10159A9}.Release|Any CPU.Build.0 = Release|Any CPU
	EndGlobalSection
	GlobalSection(SolutionProperties) = preSolution
		HideSolutionNode = FALSE
	EndGlobalSection
	GlobalSection(ExtensibilityGlobals) = postSolution
		SolutionGuid = {AA65A062-BFF0-4AF8-9E7E-2BFF6B693E73}
	EndGlobalSection
EndGlobal
